
Microsoft Visual Studio Solution File, Format Version 12.00
# Visual Studio Version 17
VisualStudioVersion = 17.5.33516.290
MinimumVisualStudioVersion = 10.0.40219.1
Project("{8BC9CEB8-8B4A-11D0-8D11-00A0C91BC942}") = "27.05(5)", "27.05(5)\27.05(5).vcxproj", "{694D3E43-B749-44E8-8338-6223C1DF98AB}"
EndProject
Global
	GlobalSection(SolutionConfigurationPlatforms) = preSolution
		Debug|x64 = Debug|x64
		Debug|x86 = Debug|x86
		Release|x64 = Release|x64
		Release|x86 = Release|x86
	EndGlobalSection
	GlobalSection(ProjectConfigurationPlatforms) = postSolution
		{694D3E43-B749-44E8-8338-6223C1DF98AB}.Debug|x64.ActiveCfg = Debug|x64
		{694D3E43-B749-44E8-8338-6223C1DF98AB}.Debug|x64.Build.0 = Debug|x64
		{694D3E43-B749-44E8-8338-6223C1DF98AB}.Debug|x86.ActiveCfg = Debug|Win32
		{694D3E43-B749-44E8-8338-6223C1DF98AB}.Debug|x86.Build.0 = Debug|Win32
		{694D3E43-B749-44E8-8338-6223C1DF98AB}.Release|x64.ActiveCfg = Release|x64
		{694D3E43-B749-44E8-8338-6223C1DF98AB}.Release|x64.Build.0 = Release|x64
		{694D3E43-B749-44E8-8338-6223C1DF98AB}.Release|x86.ActiveCfg = Release|Win32
		{694D3E43-B749-44E8-8338-6223C1DF98AB}.Release|x86.Build.0 = Release|Win32
	EndGlobalSection
	GlobalSection(SolutionProperties) = preSolution
		HideSolutionNode = FALSE
	EndGlobalSection
	GlobalSection(ExtensibilityGlobals) = postSolution
		SolutionGuid = {0CC1384F-69A8-4D8D-AD6F-C490EF777F68}
	EndGlobalSection
EndGlobal
